// !$*UTF8*$!
{
	archiveVersion = 1;
	classes = {
	};
	objectVersion = 48;
	objects = {

/* Begin PBXBuildFile section */
		ECBEE61D1F631E1000B879C9 /* AppDelegate.swift in Sources */ = {isa = PBXBuildFile; fileRef = ECBEE61C1F631E1000B879C9 /* AppDelegate.swift */; };
		ECBEE61F1F631E1000B879C9 /* art.scnassets in Resources */ = {isa = PBXBuildFile; fileRef = ECBEE61E1F631E1000B879C9 /* art.scnassets */; };
		ECBEE6211F631E1000B879C9 /* ViewController.swift in Sources */ = {isa = PBXBuildFile; fileRef = ECBEE6201F631E1000B879C9 /* ViewController.swift */; };
		ECBEE6241F631E1000B879C9 /* Main.storyboard in Resources */ = {isa = PBXBuildFile; fileRef = ECBEE6221F631E1000B879C9 /* Main.storyboard */; };
		ECBEE6261F631E1000B879C9 /* Assets.xcassets in Resources */ = {isa = PBXBuildFile; fileRef = ECBEE6251F631E1000B879C9 /* Assets.xcassets */; };
		ECBEE6291F631E1000B879C9 /* LaunchScreen.storyboard in Resources */ = {isa = PBXBuildFile; fileRef = ECBEE6271F631E1000B879C9 /* LaunchScreen.storyboard */; };
		ECBEE6341F631E1000B879C9 /* Real_CatTests.swift in Sources */ = {isa = PBXBuildFile; fileRef = ECBEE6331F631E1000B879C9 /* Real_CatTests.swift */; };
		ECBEE63F1F631E1000B879C9 /* Real_CatUITests.swift in Sources */ = {isa = PBXBuildFile; fileRef = ECBEE63E1F631E1000B879C9 /* Real_CatUITests.swift */; };
/* End PBXBuildFile section */

/* Begin PBXContainerItemProxy section */
		ECBEE6301F631E1000B879C9 /* PBXContainerItemProxy */ = {
			isa = PBXContainerItemProxy;
			containerPortal = ECBEE6111F631E1000B879C9 /* Project object */;
			proxyType = 1;
			remoteGlobalIDString = ECBEE6181F631E1000B879C9;
			remoteInfo = "Real Cat";
		};
		ECBEE63B1F631E1000B879C9 /* PBXContainerItemProxy */ = {
			isa = PBXContainerItemProxy;
			containerPortal = ECBEE6111F631E1000B879C9 /* Project object */;
			proxyType = 1;
			remoteGlobalIDString = ECBEE6181F631E1000B879C9;
			remoteInfo = "Real Cat";
		};
/* End PBXContainerItemProxy section */

/* Begin PBXFileReference section */
		ECBEE6191F631E1000B879C9 /* Real Cat.app */ = {isa = PBXFileReference; explicitFileType = wrapper.application; includeInIndex = 0; path = "Real Cat.app"; sourceTree = BUILT_PRODUCTS_DIR; };
		ECBEE61C1F631E1000B879C9 /* AppDelegate.swift */ = {isa = PBXFileReference; lastKnownFileType = sourcecode.swift; path = AppDelegate.swift; sourceTree = "<group>"; };
		ECBEE61E1F631E1000B879C9 /* art.scnassets */ = {isa = PBXFileReference; lastKnownFileType = wrapper.scnassets; path = art.scnassets; sourceTree = "<group>"; };
		ECBEE6201F631E1000B879C9 /* ViewController.swift */ = {isa = PBXFileReference; lastKnownFileType = sourcecode.swift; path = ViewController.swift; sourceTree = "<group>"; };
		ECBEE6231F631E1000B879C9 /* Base */ = {isa = PBXFileReference; lastKnownFileType = file.storyboard; name = Base; path = Base.lproj/Main.storyboard; sourceTree = "<group>"; };
		ECBEE6251F631E1000B879C9 /* Assets.xcassets */ = {isa = PBXFileReference; lastKnownFileType = folder.assetcatalog; path = Assets.xcassets; sourceTree = "<group>"; };
		ECBEE6281F631E1000B879C9 /* Base */ = {isa = PBXFileReference; lastKnownFileType = file.storyboard; name = Base; path = Base.lproj/LaunchScreen.storyboard; sourceTree = "<group>"; };
		ECBEE62A1F631E1000B879C9 /* Info.plist */ = {isa = PBXFileReference; lastKnownFileType = text.plist.xml; path = Info.plist; sourceTree = "<group>"; };
		ECBEE62F1F631E1000B879C9 /* Real CatTests.xctest */ = {isa = PBXFileReference; explicitFileType = wrapper.cfbundle; includeInIndex = 0; path = "Real CatTests.xctest"; sourceTree = BUILT_PRODUCTS_DIR; };
		ECBEE6331F631E1000B879C9 /* Real_CatTests.swift */ = {isa = PBXFileReference; lastKnownFileType = sourcecode.swift; path = Real_CatTests.swift; sourceTree = "<group>"; };
		ECBEE6351F631E1000B879C9 /* Info.plist */ = {isa = PBXFileReference; lastKnownFileType = text.plist.xml; path = Info.plist; sourceTree = "<group>"; };
		ECBEE63A1F631E1000B879C9 /* Real CatUITests.xctest */ = {isa = PBXFileReference; explicitFileType = wrapper.cfbundle; includeInIndex = 0; path = "Real CatUITests.xctest"; sourceTree = BUILT_PRODUCTS_DIR; };
		ECBEE63E1F631E1000B879C9 /* Real_CatUITests.swift */ = {isa = PBXFileReference; lastKnownFileType = sourcecode.swift; path = Real_CatUITests.swift; sourceTree = "<group>"; };
		ECBEE6401F631E1000B879C9 /* Info.plist */ = {isa = PBXFileReference; lastKnownFileType = text.plist.xml; path = Info.plist; sourceTree = "<group>"; };
/* End PBXFileReference section */

/* Begin PBXFrameworksBuildPhase section */
		ECBEE6161F631E1000B879C9 /* Frameworks */ = {
			isa = PBXFrameworksBuildPhase;
			buildActionMask = 2147483647;
			files = (
			);
			runOnlyForDeploymentPostprocessing = 0;
		};
		ECBEE62C1F631E1000B879C9 /* Frameworks */ = {
			isa = PBXFrameworksBuildPhase;
			buildActionMask = 2147483647;
			files = (
			);
			runOnlyForDeploymentPostprocessing = 0;
		};
		ECBEE6371F631E1000B879C9 /* Frameworks */ = {
			isa = PBXFrameworksBuildPhase;
			buildActionMask = 2147483647;
			files = (
			);
			runOnlyForDeploymentPostprocessing = 0;
		};
/* End PBXFrameworksBuildPhase section */

/* Begin PBXGroup section */
		ECBEE6101F631E1000B879C9 = {
			isa = PBXGroup;
			children = (
				ECBEE61B1F631E1000B879C9 /* Real Cat */,
				ECBEE6321F631E1000B879C9 /* Real CatTests */,
				ECBEE63D1F631E1000B879C9 /* Real CatUITests */,
				ECBEE61A1F631E1000B879C9 /* Products */,
			);
			sourceTree = "<group>";
		};
		ECBEE61A1F631E1000B879C9 /* Products */ = {
			isa = PBXGroup;
			children = (
				ECBEE6191F631E1000B879C9 /* Real Cat.app */,
				ECBEE62F1F631E1000B879C9 /* Real CatTests.xctest */,
				ECBEE63A1F631E1000B879C9 /* Real CatUITests.xctest */,
			);
			name = Products;
			sourceTree = "<group>";
		};
		ECBEE61B1F631E1000B879C9 /* Real Cat */ = {
			isa = PBXGroup;
			children = (
				ECBEE61C1F631E1000B879C9 /* AppDelegate.swift */,
				ECBEE61E1F631E1000B879C9 /* art.scnassets */,
				ECBEE6201F631E1000B879C9 /* ViewController.swift */,
				ECBEE6221F631E1000B879C9 /* Main.storyboard */,
				ECBEE6251F631E1000B879C9 /* Assets.xcassets */,
				ECBEE6271F631E1000B879C9 /* LaunchScreen.storyboard */,
				ECBEE62A1F631E1000B879C9 /* Info.plist */,
			);
			path = "Real Cat";
			sourceTree = "<group>";
		};
		ECBEE6321F631E1000B879C9 /* Real CatTests */ = {
			isa = PBXGroup;
			children = (
				ECBEE6331F631E1000B879C9 /* Real_CatTests.swift */,
				ECBEE6351F631E1000B879C9 /* Info.plist */,
			);
			path = "Real CatTests";
			sourceTree = "<group>";
		};
		ECBEE63D1F631E1000B879C9 /* Real CatUITests */ = {
			isa = PBXGroup;
			children = (
				ECBEE63E1F631E1000B879C9 /* Real_CatUITests.swift */,
				ECBEE6401F631E1000B879C9 /* Info.plist */,
			);
			path = "Real CatUITests";
			sourceTree = "<group>";
		};
/* End PBXGroup section */

/* Begin PBXNativeTarget section */
		ECBEE6181F631E1000B879C9 /* Real Cat */ = {
			isa = PBXNativeTarget;
			buildConfigurationList = ECBEE6431F631E1000B879C9 /* Build configuration list for PBXNativeTarget "Real Cat" */;
			buildPhases = (
				ECBEE6151F631E1000B879C9 /* Sources */,
				ECBEE6161F631E1000B879C9 /* Frameworks */,
				ECBEE6171F631E1000B879C9 /* Resources */,
			);
			buildRules = (
			);
			dependencies = (
			);
			name = "Real Cat";
			productName = "Real Cat";
			productReference = ECBEE6191F631E1000B879C9 /* Real Cat.app */;
			productType = "com.apple.product-type.application";
		};
		ECBEE62E1F631E1000B879C9 /* Real CatTests */ = {
			isa = PBXNativeTarget;
			buildConfigurationList = ECBEE6461F631E1000B879C9 /* Build configuration list for PBXNativeTarget "Real CatTests" */;
			buildPhases = (
				ECBEE62B1F631E1000B879C9 /* Sources */,
				ECBEE62C1F631E1000B879C9 /* Frameworks */,
				ECBEE62D1F631E1000B879C9 /* Resources */,
			);
			buildRules = (
			);
			dependencies = (
				ECBEE6311F631E1000B879C9 /* PBXTargetDependency */,
			);
			name = "Real CatTests";
			productName = "Real CatTests";
			productReference = ECBEE62F1F631E1000B879C9 /* Real CatTests.xctest */;
			productType = "com.apple.product-type.bundle.unit-test";
		};
		ECBEE6391F631E1000B879C9 /* Real CatUITests */ = {
			isa = PBXNativeTarget;
			buildConfigurationList = ECBEE6491F631E1000B879C9 /* Build configuration list for PBXNativeTarget "Real CatUITests" */;
			buildPhases = (
				ECBEE6361F631E1000B879C9 /* Sources */,
				ECBEE6371F631E1000B879C9 /* Frameworks */,
				ECBEE6381F631E1000B879C9 /* Resources */,
			);
			buildRules = (
			);
			dependencies = (
				ECBEE63C1F631E1000B879C9 /* PBXTargetDependency */,
			);
			name = "Real CatUITests";
			productName = "Real CatUITests";
			productReference = ECBEE63A1F631E1000B879C9 /* Real CatUITests.xctest */;
			productType = "com.apple.product-type.bundle.ui-testing";
		};
/* End PBXNativeTarget section */

/* Begin PBXProject section */
		ECBEE6111F631E1000B879C9 /* Project object */ = {
			isa = PBXProject;
			attributes = {
				LastSwiftUpdateCheck = 0900;
				LastUpgradeCheck = 0900;
				ORGANIZATIONNAME = RN;
				TargetAttributes = {
					ECBEE6181F631E1000B879C9 = {
						CreatedOnToolsVersion = 9.0;
						ProvisioningStyle = Automatic;
					};
					ECBEE62E1F631E1000B879C9 = {
						CreatedOnToolsVersion = 9.0;
						ProvisioningStyle = Automatic;
						TestTargetID = ECBEE6181F631E1000B879C9;
					};
					ECBEE6391F631E1000B879C9 = {
						CreatedOnToolsVersion = 9.0;
						ProvisioningStyle = Automatic;
						TestTargetID = ECBEE6181F631E1000B879C9;
					};
				};
			};
			buildConfigurationList = ECBEE6141F631E1000B879C9 /* Build configuration list for PBXProject "Real Cat" */;
			compatibilityVersion = "Xcode 8.0";
			developmentRegion = en;
			hasScannedForEncodings = 0;
			knownRegions = (
				en,
				Base,
			);
			mainGroup = ECBEE6101F631E1000B879C9;
			productRefGroup = ECBEE61A1F631E1000B879C9 /* Products */;
			projectDirPath = "";
			projectRoot = "";
			targets = (
				ECBEE6181F631E1000B879C9 /* Real Cat */,
				ECBEE62E1F631E1000B879C9 /* Real CatTests */,
				ECBEE6391F631E1000B879C9 /* Real CatUITests */,
			);
		};
/* End PBXProject section */

/* Begin PBXResourcesBuildPhase section */
		ECBEE6171F631E1000B879C9 /* Resources */ = {
			isa = PBXResourcesBuildPhase;
			buildActionMask = 2147483647;
			files = (
				ECBEE61F1F631E1000B879C9 /* art.scnassets in Resources */,
				ECBEE6291F631E1000B879C9 /* LaunchScreen.storyboard in Resources */,
				ECBEE6261F631E1000B879C9 /* Assets.xcassets in Resources */,
				ECBEE6241F631E1000B879C9 /* Main.storyboard in Resources */,
			);
			runOnlyForDeploymentPostprocessing = 0;
		};
		ECBEE62D1F631E1000B879C9 /* Resources */ = {
			isa = PBXResourcesBuildPhase;
			buildActionMask = 2147483647;
			files = (
			);
			runOnlyForDeploymentPostprocessing = 0;
		};
		ECBEE6381F631E1000B879C9 /* Resources */ = {
			isa = PBXResourcesBuildPhase;
			buildActionMask = 2147483647;
			files = (
			);
			runOnlyForDeploymentPostprocessing = 0;
		};
/* End PBXResourcesBuildPhase section */

/* Begin PBXSourcesBuildPhase section */
		ECBEE6151F631E1000B879C9 /* Sources */ = {
			isa = PBXSourcesBuildPhase;
			buildActionMask = 2147483647;
			files = (
				ECBEE6211F631E1000B879C9 /* ViewController.swift in Sources */,
				ECBEE61D1F631E1000B879C9 /* AppDelegate.swift in Sources */,
			);
			runOnlyForDeploymentPostprocessing = 0;
		};
		ECBEE62B1F631E1000B879C9 /* Sources */ = {
			isa = PBXSourcesBuildPhase;
			buildActionMask = 2147483647;
			files = (
				ECBEE6341F631E1000B879C9 /* Real_CatTests.swift in Sources */,
			);
			runOnlyForDeploymentPostprocessing = 0;
		};
		ECBEE6361F631E1000B879C9 /* Sources */ = {
			isa = PBXSourcesBuildPhase;
			buildActionMask = 2147483647;
			files = (
				ECBEE63F1F631E1000B879C9 /* Real_CatUITests.swift in Sources */,
			);
			runOnlyForDeploymentPostprocessing = 0;
		};
/* End PBXSourcesBuildPhase section */

/* Begin PBXTargetDependency section */
		ECBEE6311F631E1000B879C9 /* PBXTargetDependency */ = {
			isa = PBXTargetDependency;
			target = ECBEE6181F631E1000B879C9 /* Real Cat */;
			targetProxy = ECBEE6301F631E1000B879C9 /* PBXContainerItemProxy */;
		};
		ECBEE63C1F631E1000B879C9 /* PBXTargetDependency */ = {
			isa = PBXTargetDependency;
			target = ECBEE6181F631E1000B879C9 /* Real Cat */;
			targetProxy = ECBEE63B1F631E1000B879C9 /* PBXContainerItemProxy */;
		};
/* End PBXTargetDependency section */

/* Begin PBXVariantGroup section */
		ECBEE6221F631E1000B879C9 /* Main.storyboard */ = {
			isa = PBXVariantGroup;
			children = (
				ECBEE6231F631E1000B879C9 /* Base */,
			);
			name = Main.storyboard;
			sourceTree = "<group>";
		};
		ECBEE6271F631E1000B879C9 /* LaunchScreen.storyboard */ = {
			isa = PBXVariantGroup;
			children = (
				ECBEE6281F631E1000B879C9 /* Base */,
			);
			name = LaunchScreen.storyboard;
			sourceTree = "<group>";
		};
/* End PBXVariantGroup section */

/* Begin XCBuildConfiguration section */
		ECBEE6411F631E1000B879C9 /* Debug */ = {
			isa = XCBuildConfiguration;
			buildSettings = {
				ALWAYS_SEARCH_USER_PATHS = NO;
				CLANG_ANALYZER_NONNULL = YES;
				CLANG_ANALYZER_NUMBER_OBJECT_CONVERSION = YES_AGGRESSIVE;
				CLANG_CXX_LANGUAGE_STANDARD = "gnu++14";
				CLANG_CXX_LIBRARY = "libc++";
				CLANG_ENABLE_MODULES = YES;
				CLANG_ENABLE_OBJC_ARC = YES;
				CLANG_WARN_BLOCK_CAPTURE_AUTORELEASING = YES;
				CLANG_WARN_BOOL_CONVERSION = YES;
				CLANG_WARN_COMMA = YES;
				CLANG_WARN_CONSTANT_CONVERSION = YES;
				CLANG_WARN_DIRECT_OBJC_ISA_USAGE = YES_ERROR;
				CLANG_WARN_DOCUMENTATION_COMMENTS = YES;
				CLANG_WARN_EMPTY_BODY = YES;
				CLANG_WARN_ENUM_CONVERSION = YES;
				CLANG_WARN_INFINITE_RECURSION = YES;
				CLANG_WARN_INT_CONVERSION = YES;
				CLANG_WARN_NON_LITERAL_NULL_CONVERSION = YES;
				CLANG_WARN_OBJC_LITERAL_CONVERSION = YES;
				CLANG_WARN_OBJC_ROOT_CLASS = YES_ERROR;
				CLANG_WARN_RANGE_LOOP_ANALYSIS = YES;
				CLANG_WARN_STRICT_PROTOTYPES = YES;
				CLANG_WARN_SUSPICIOUS_MOVE = YES;
				CLANG_WARN_UNGUARDED_AVAILABILITY = YES_AGGRESSIVE;
				CLANG_WARN_UNREACHABLE_CODE = YES;
				CLANG_WARN__DUPLICATE_METHOD_MATCH = YES;
				CODE_SIGN_IDENTITY = "iPhone Developer";
				COPY_PHASE_STRIP = NO;
				DEBUG_INFORMATION_FORMAT = dwarf;
				ENABLE_STRICT_OBJC_MSGSEND = YES;
				ENABLE_TESTABILITY = YES;
				GCC_C_LANGUAGE_STANDARD = gnu11;
				GCC_DYNAMIC_NO_PIC = NO;
				GCC_NO_COMMON_BLOCKS = YES;
				GCC_OPTIMIZATION_LEVEL = 0;
				GCC_PREPROCESSOR_DEFINITIONS = (
					"DEBUG=1",
					"$(inherited)",
				);
				GCC_WARN_64_TO_32_BIT_CONVERSION = YES;
				GCC_WARN_ABOUT_RETURN_TYPE = YES_ERROR;
				GCC_WARN_UNDECLARED_SELECTOR = YES;
				GCC_WARN_UNINITIALIZED_AUTOS = YES_AGGRESSIVE;
				GCC_WARN_UNUSED_FUNCTION = YES;
				GCC_WARN_UNUSED_VARIABLE = YES;
				IPHONEOS_DEPLOYMENT_TARGET = 11.0;
				MTL_ENABLE_DEBUG_INFO = YES;
				ONLY_ACTIVE_ARCH = YES;
				SDKROOT = iphoneos;
				SWIFT_ACTIVE_COMPILATION_CONDITIONS = DEBUG;
				SWIFT_OPTIMIZATION_LEVEL = "-Onone";
			};
			name = Debug;
		};
		ECBEE6421F631E1000B879C9 /* Release */ = {
			isa = XCBuildConfiguration;
			buildSettings = {
				ALWAYS_SEARCH_USER_PATHS = NO;
				CLANG_ANALYZER_NONNULL = YES;
				CLANG_ANALYZER_NUMBER_OBJECT_CONVERSION = YES_AGGRESSIVE;
				CLANG_CXX_LANGUAGE_STANDARD = "gnu++14";
				CLANG_CXX_LIBRARY = "libc++";
				CLANG_ENABLE_MODULES = YES;
				CLANG_ENABLE_OBJC_ARC = YES;
				CLANG_WARN_BLOCK_CAPTURE_AUTORELEASING = YES;
				CLANG_WARN_BOOL_CONVERSION = YES;
				CLANG_WARN_COMMA = YES;
				CLANG_WARN_CONSTANT_CONVERSION = YES;
				CLANG_WARN_DIRECT_OBJC_ISA_USAGE = YES_ERROR;
				CLANG_WARN_DOCUMENTATION_COMMENTS = YES;
				CLANG_WARN_EMPTY_BODY = YES;
				CLANG_WARN_ENUM_CONVERSION = YES;
				CLANG_WARN_INFINITE_RECURSION = YES;
				CLANG_WARN_INT_CONVERSION = YES;
				CLANG_WARN_NON_LITERAL_NULL_CONVERSION = YES;
				CLANG_WARN_OBJC_LITERAL_CONVERSION = YES;
				CLANG_WARN_OBJC_ROOT_CLASS = YES_ERROR;
				CLANG_WARN_RANGE_LOOP_ANALYSIS = YES;
				CLANG_WARN_STRICT_PROTOTYPES = YES;
				CLANG_WARN_SUSPICIOUS_MOVE = YES;
				CLANG_WARN_UNGUARDED_AVAILABILITY = YES_AGGRESSIVE;
				CLANG_WARN_UNREACHABLE_CODE = YES;
				CLANG_WARN__DUPLICATE_METHOD_MATCH = YES;
				CODE_SIGN_IDENTITY = "iPhone Developer";
				COPY_PHASE_STRIP = NO;
				DEBUG_INFORMATION_FORMAT = "dwarf-with-dsym";
				ENABLE_NS_ASSERTIONS = NO;
				ENABLE_STRICT_OBJC_MSGSEND = YES;
				GCC_C_LANGUAGE_STANDARD = gnu11;
				GCC_NO_COMMON_BLOCKS = YES;
				GCC_WARN_64_TO_32_BIT_CONVERSION = YES;
				GCC_WARN_ABOUT_RETURN_TYPE = YES_ERROR;
				GCC_WARN_UNDECLARED_SELECTOR = YES;
				GCC_WARN_UNINITIALIZED_AUTOS = YES_AGGRESSIVE;
				GCC_WARN_UNUSED_FUNCTION = YES;
				GCC_WARN_UNUSED_VARIABLE = YES;
				IPHONEOS_DEPLOYMENT_TARGET = 11.0;
				MTL_ENABLE_DEBUG_INFO = NO;
				SDKROOT = iphoneos;
				SWIFT_OPTIMIZATION_LEVEL = "-Owholemodule";
				VALIDATE_PRODUCT = YES;
			};
			name = Release;
		};
		ECBEE6441F631E1000B879C9 /* Debug */ = {
			isa = XCBuildConfiguration;
			buildSettings = {
				ASSETCATALOG_COMPILER_APPICON_NAME = AppIcon;
				CODE_SIGN_STYLE = Automatic;
				DEVELOPMENT_TEAM = 8J6XRJUA8R;
				INFOPLIST_FILE = "Real Cat/Info.plist";
				LD_RUNPATH_SEARCH_PATHS = "$(inherited) @executable_path/Frameworks";
				PRODUCT_BUNDLE_IDENTIFIER = "RN.Real-Cat";
				PRODUCT_NAME = "$(TARGET_NAME)";
				SWIFT_VERSION = 4.0;
				TARGETED_DEVICE_FAMILY = "1,2";
			};
			name = Debug;
		};
		ECBEE6451F631E1000B879C9 /* Release */ = {
			isa = XCBuildConfiguration;
			buildSettings = {
				ASSETCATALOG_COMPILER_APPICON_NAME = AppIcon;
				CODE_SIGN_STYLE = Automatic;
				DEVELOPMENT_TEAM = 8J6XRJUA8R;
				INFOPLIST_FILE = "Real Cat/Info.plist";
				LD_RUNPATH_SEARCH_PATHS = "$(inherited) @executable_path/Frameworks";
				PRODUCT_BUNDLE_IDENTIFIER = "RN.Real-Cat";
				PRODUCT_NAME = "$(TARGET_NAME)";
				SWIFT_VERSION = 4.0;
				TARGETED_DEVICE_FAMILY = "1,2";
			};
			name = Release;
		};
		ECBEE6471F631E1000B879C9 /* Debug */ = {
			isa = XCBuildConfiguration;
			buildSettings = {
				ALWAYS_EMBED_SWIFT_STANDARD_LIBRARIES = YES;
				BUNDLE_LOADER = "$(TEST_HOST)";
				CODE_SIGN_STYLE = Automatic;
				INFOPLIST_FILE = "Real CatTests/Info.plist";
				LD_RUNPATH_SEARCH_PATHS = "$(inherited) @executable_path/Frameworks @loader_path/Frameworks";
				PRODUCT_BUNDLE_IDENTIFIER = "RN.Real-CatTests";
				PRODUCT_NAME = "$(TARGET_NAME)";
				SWIFT_VERSION = 4.0;
				TARGETED_DEVICE_FAMILY = "1,2";
				TEST_HOST = "$(BUILT_PRODUCTS_DIR)/Real Cat.app/Real Cat";
			};
			name = Debug;
		};
		ECBEE6481F631E1000B879C9 /* Release */ = {
			isa = XCBuildConfiguration;
			buildSettings = {
				ALWAYS_EMBED_SWIFT_STANDARD_LIBRARIES = YES;
				BUNDLE_LOADER = "$(TEST_HOST)";
				CODE_SIGN_STYLE = Automatic;
				INFOPLIST_FILE = "Real CatTests/Info.plist";
				LD_RUNPATH_SEARCH_PATHS = "$(inherited) @executable_path/Frameworks @loader_path/Frameworks";
				PRODUCT_BUNDLE_IDENTIFIER = "RN.Real-CatTests";
				PRODUCT_NAME = "$(TARGET_NAME)";
				SWIFT_VERSION = 4.0;
				TARGETED_DEVICE_FAMILY = "1,2";
				TEST_HOST = "$(BUILT_PRODUCTS_DIR)/Real Cat.app/Real Cat";
			};
			name = Release;
		};
		ECBEE64A1F631E1000B879C9 /* Debug */ = {
			isa = XCBuildConfiguration;
			buildSettings = {
				ALWAYS_EMBED_SWIFT_STANDARD_LIBRARIES = YES;
				CODE_SIGN_STYLE = Automatic;
				INFOPLIST_FILE = "Real CatUITests/Info.plist";
				LD_RUNPATH_SEARCH_PATHS = "$(inherited) @executable_path/Frameworks @loader_path/Frameworks";
				PRODUCT_BUNDLE_IDENTIFIER = "RN.Real-CatUITests";
				PRODUCT_NAME = "$(TARGET_NAME)";
				SWIFT_VERSION = 4.0;
				TARGETED_DEVICE_FAMILY = "1,2";
				TEST_TARGET_NAME = "Real Cat";
			};
			name = Debug;
		};
		ECBEE64B1F631E1000B879C9 /* Release */ = {
			isa = XCBuildConfiguration;
			buildSettings = {
				ALWAYS_EMBED_SWIFT_STANDARD_LIBRARIES = YES;
				CODE_SIGN_STYLE = Automatic;
				INFOPLIST_FILE = "Real CatUITests/Info.plist";
				LD_RUNPATH_SEARCH_PATHS = "$(inherited) @executable_path/Frameworks @loader_path/Frameworks";
				PRODUCT_BUNDLE_IDENTIFIER = "RN.Real-CatUITests";
				PRODUCT_NAME = "$(TARGET_NAME)";
				SWIFT_VERSION = 4.0;
				TARGETED_DEVICE_FAMILY = "1,2";
				TEST_TARGET_NAME = "Real Cat";
			};
			name = Release;
		};
/* End XCBuildConfiguration section */

/* Begin XCConfigurationList section */
		ECBEE6141F631E1000B879C9 /* Build configuration list for PBXProject "Real Cat" */ = {
			isa = XCConfigurationList;
			buildConfigurations = (
				ECBEE6411F631E1000B879C9 /* Debug */,
				ECBEE6421F631E1000B879C9 /* Release */,
			);
			defaultConfigurationIsVisible = 0;
			defaultConfigurationName = Release;
		};
		ECBEE6431F631E1000B879C9 /* Build configuration list for PBXNativeTarget "Real Cat" */ = {
			isa = XCConfigurationList;
			buildConfigurations = (
				ECBEE6441F631E1000B879C9 /* Debug */,
				ECBEE6451F631E1000B879C9 /* Release */,
			);
			defaultConfigurationIsVisible = 0;
			defaultConfigurationName = Release;
		};
		ECBEE6461F631E1000B879C9 /* Build configuration list for PBXNativeTarget "Real CatTests" */ = {
			isa = XCConfigurationList;
			buildConfigurations = (
				ECBEE6471F631E1000B879C9 /* Debug */,
				ECBEE6481F631E1000B879C9 /* Release */,
			);
			defaultConfigurationIsVisible = 0;
			defaultConfigurationName = Release;
		};
		ECBEE6491F631E1000B879C9 /* Build configuration list for PBXNativeTarget "Real CatUITests" */ = {
			isa = XCConfigurationList;
			buildConfigurations = (
				ECBEE64A1F631E1000B879C9 /* Debug */,
				ECBEE64B1F631E1000B879C9 /* Release */,
			);
			defaultConfigurationIsVisible = 0;
			defaultConfigurationName = Release;
		};
/* End XCConfigurationList section */
	};
	rootObject = ECBEE6111F631E1000B879C9 /* Project object */;
}
